
Microsoft Visual Studio Solution File, Format Version 12.00
# Visual Studio Version 17
VisualStudioVersion = 17.0.31903.59
MinimumVisualStudioVersion = 10.0.40219.1
Project("{FAE04EC0-301F-11D3-BF4B-00C04F79EFBC}") = "service", "service\service.csproj", "{C0D741D2-B4B8-4BA8-BB27-14437BE92297}"
EndProject
Project("{FAE04EC0-301F-11D3-BF4B-00C04F79EFBC}") = "infrastructure", "infrastructure\infrastructure.csproj", "{E21708C8-C8A8-4D72-B1EF-595E70DF43CB}"
EndProject
Project("{2150E333-8FDC-42A3-9474-1A3956D46DE8}") = "api", "api", "{C80DE487-26A9-4D59-8111-318E2357E28E}"
EndProject
Project("{FAE04EC0-301F-11D3-BF4B-00C04F79EFBC}") = "chatApi", "api\chatApi\chatApi.csproj", "{19ADC719-356F-4F8D-9BD6-275CEA666088}"
EndProject
Project("{FAE04EC0-301F-11D3-BF4B-00C04F79EFBC}") = "fleckproject", "api\fleckproject\fleckproject.csproj", "{437BC90E-4CD1-4372-8F12-9511DF8DBF0D}"
EndProject
Global
	GlobalSection(SolutionConfigurationPlatforms) = preSolution
		Debug|Any CPU = Debug|Any CPU
		Release|Any CPU = Release|Any CPU
	EndGlobalSection
	GlobalSection(SolutionProperties) = preSolution
		HideSolutionNode = FALSE
	EndGlobalSection
	GlobalSection(ProjectConfigurationPlatforms) = postSolution
		{C0D741D2-B4B8-4BA8-BB27-14437BE92297}.Debug|Any CPU.ActiveCfg = Debug|Any CPU
		{C0D741D2-B4B8-4BA8-BB27-14437BE92297}.Debug|Any CPU.Build.0 = Debug|Any CPU
		{C0D741D2-B4B8-4BA8-BB27-14437BE92297}.Release|Any CPU.ActiveCfg = Release|Any CPU
		{C0D741D2-B4B8-4BA8-BB27-14437BE92297}.Release|Any CPU.Build.0 = Release|Any CPU
		{E21708C8-C8A8-4D72-B1EF-595E70DF43CB}.Debug|Any CPU.ActiveCfg = Debug|Any CPU
		{E21708C8-C8A8-4D72-B1EF-595E70DF43CB}.Debug|Any CPU.Build.0 = Debug|Any CPU
		{E21708C8-C8A8-4D72-B1EF-595E70DF43CB}.Release|Any CPU.ActiveCfg = Release|Any CPU
		{E21708C8-C8A8-4D72-B1EF-595E70DF43CB}.Release|Any CPU.Build.0 = Release|Any CPU
		{19ADC719-356F-4F8D-9BD6-275CEA666088}.Debug|Any CPU.ActiveCfg = Debug|Any CPU
		{19ADC719-356F-4F8D-9BD6-275CEA666088}.Debug|Any CPU.Build.0 = Debug|Any CPU
		{19ADC719-356F-4F8D-9BD6-275CEA666088}.Release|Any CPU.ActiveCfg = Release|Any CPU
		{19ADC719-356F-4F8D-9BD6-275CEA666088}.Release|Any CPU.Build.0 = Release|Any CPU
		{437BC90E-4CD1-4372-8F12-9511DF8DBF0D}.Debug|Any CPU.ActiveCfg = Debug|Any CPU
		{437BC90E-4CD1-4372-8F12-9511DF8DBF0D}.Debug|Any CPU.Build.0 = Debug|Any CPU
		{437BC90E-4CD1-4372-8F12-9511DF8DBF0D}.Release|Any CPU.ActiveCfg = Release|Any CPU
		{437BC90E-4CD1-4372-8F12-9511DF8DBF0D}.Release|Any CPU.Build.0 = Release|Any CPU
	EndGlobalSection
	GlobalSection(NestedProjects) = preSolution
		{19ADC719-356F-4F8D-9BD6-275CEA666088} = {C80DE487-26A9-4D59-8111-318E2357E28E}
		{437BC90E-4CD1-4372-8F12-9511DF8DBF0D} = {C80DE487-26A9-4D59-8111-318E2357E28E}
	EndGlobalSection
EndGlobal
